{
  "name": "chemical-tools-weapp",
  "version": "1.0.0",
  "lockfileVersion": 1,
  "requires": true,
  "dependencies": {
    "chemicaltools": {
      "version": "1.0.15",
      "resolved": "https://registry.npmjs.org/chemicaltools/-/chemicaltools-1.0.15.tgz",
      "integrity": "sha512-B2Bn0MjKZci4QatLTmyR+952sScE8iw2Y+/fYlLSSLegsM7dAyGn4FmBM2uuBueJ7z0jDYAf9awzVXrHOCnDlQ==",
      "requires": {
        "tiny-pinyin": "^1.3.0"
      }
    },
    "string-format": {
      "version": "2.0.0",
      "resolved": "https://registry.npmjs.org/string-format/-/string-format-2.0.0.tgz",
      "integrity": "sha512-bbEs3scLeYNXLecRRuk6uJxdXUSj6le/8rNPHChIJTn2V79aXVTR1EH2OH5zLKKoz0V02fOUKZZcw01pLUShZA=="
    },
    "tiny-pinyin": {
      "version": "1.3.0",
      "resolved": "https://registry.npmjs.org/tiny-pinyin/-/tiny-pinyin-1.3.0.tgz",
      "integrity": "sha512-YHsqn1zksQ4CKVvArN7MIUtGx0eV/yl15vzdiwNFwAnOQQwL1+pNSLW4ISVWUN+PrzcnX4ojLgS4kgVCmue7Pw=="
    }
  }
}
